
Microsoft Visual Studio Solution File, Format Version 12.00
# Visual Studio 14
VisualStudioVersion = 14.0.25420.1
MinimumVisualStudioVersion = 10.0.40219.1
Project("{8BC9CEB8-8B4A-11D0-8D11-00A0C91BC942}") = "server", "tuan3bai2\tuan3bai2.vcxproj", "{AB9F4B46-16E6-474F-830F-87020FBA4F74}"
EndProject
Project("{8BC9CEB8-8B4A-11D0-8D11-00A0C91BC942}") = "client", "client\client.vcxproj", "{1B6B091A-899E-470E-8414-045F40F3C1CB}"
EndProject
Global
	GlobalSection(SolutionConfigurationPlatforms) = preSolution
		Debug|x64 = Debug|x64
		Debug|x86 = Debug|x86
		Release|x64 = Release|x64
		Release|x86 = Release|x86
	EndGlobalSection
	GlobalSection(ProjectConfigurationPlatforms) = postSolution
		{AB9F4B46-16E6-474F-830F-87020FBA4F74}.Debug|x64.ActiveCfg = Debug|x64
		{AB9F4B46-16E6-474F-830F-87020FBA4F74}.Debug|x64.Build.0 = Debug|x64
		{AB9F4B46-16E6-474F-830F-87020FBA4F74}.Debug|x86.ActiveCfg = Debug|Win32
		{AB9F4B46-16E6-474F-830F-87020FBA4F74}.Debug|x86.Build.0 = Debug|Win32
		{AB9F4B46-16E6-474F-830F-87020FBA4F74}.Release|x64.ActiveCfg = Release|x64
		{AB9F4B46-16E6-474F-830F-87020FBA4F74}.Release|x64.Build.0 = Release|x64
		{AB9F4B46-16E6-474F-830F-87020FBA4F74}.Release|x86.ActiveCfg = Release|Win32
		{AB9F4B46-16E6-474F-830F-87020FBA4F74}.Release|x86.Build.0 = Release|Win32
		{1B6B091A-899E-470E-8414-045F40F3C1CB}.Debug|x64.ActiveCfg = Debug|x64
		{1B6B091A-899E-470E-8414-045F40F3C1CB}.Debug|x64.Build.0 = Debug|x64
		{1B6B091A-899E-470E-8414-045F40F3C1CB}.Debug|x86.ActiveCfg = Debug|Win32
		{1B6B091A-899E-470E-8414-045F40F3C1CB}.Debug|x86.Build.0 = Debug|Win32
		{1B6B091A-899E-470E-8414-045F40F3C1CB}.Release|x64.ActiveCfg = Release|x64
		{1B6B091A-899E-470E-8414-045F40F3C1CB}.Release|x64.Build.0 = Release|x64
		{1B6B091A-899E-470E-8414-045F40F3C1CB}.Release|x86.ActiveCfg = Release|Win32
		{1B6B091A-899E-470E-8414-045F40F3C1CB}.Release|x86.Build.0 = Release|Win32
	EndGlobalSection
	GlobalSection(SolutionProperties) = preSolution
		HideSolutionNode = FALSE
	EndGlobalSection
EndGlobal
